Microsoft Visual Studio Solution File, Format Version 12.00
# Visual Studio Version 17
VisualStudioVersion = 17.5.2.0
MinimumVisualStudioVersion = 10.0.40219.1
Project("{FAE04EC0-301F-11D3-BF4B-00C04F79EFBC}") = "mediaConverter", "mediaConverter.csproj", "{E0050548-2FC1-BD7C-0384-C545D8130F26}"
EndProject
Global
	GlobalSection(SolutionConfigurationPlatforms) = preSolution
		Debug|Any CPU = Debug|Any CPU
		Release|Any CPU = Release|Any CPU
	EndGlobalSection
	GlobalSection(ProjectConfigurationPlatforms) = postSolution
		{E0050548-2FC1-BD7C-0384-C545D8130F26}.Debug|Any CPU.ActiveCfg = Debug|Any CPU
		{E0050548-2FC1-BD7C-0384-C545D8130F26}.Debug|Any CPU.Build.0 = Debug|Any CPU
		{E0050548-2FC1-BD7C-0384-C545D8130F26}.Release|Any CPU.ActiveCfg = Release|Any CPU
		{E0050548-2FC1-BD7C-0384-C545D8130F26}.Release|Any CPU.Build.0 = Release|Any CPU
	EndGlobalSection
	GlobalSection(SolutionProperties) = preSolution
		HideSolutionNode = FALSE
	EndGlobalSection
	GlobalSection(ExtensibilityGlobals) = postSolution
		SolutionGuid = {9872B707-DE11-4821-AD35-3DB26512C326}
	EndGlobalSection
EndGlobal
